
Microsoft Visual Studio Solution File, Format Version 12.00
# Visual Studio 2013
VisualStudioVersion = 12.0.31101.0
MinimumVisualStudioVersion = 10.0.40219.1
Project("{FAE04EC0-301F-11D3-BF4B-00C04F79EFBC}") = "SimpleMVCforAppVeyor", "SimpleMVCforAppVeyor\SimpleMVCforAppVeyor.csproj", "{C7B43B5E-C396-46AB-8AE0-7483AACEE5B6}"
EndProject
Project("{FAE04EC0-301F-11D3-BF4B-00C04F79EFBC}") = "SimpleMVCforAppVeyor.Tests", "SimpleMVCforAppVeyor.Tests\SimpleMVCforAppVeyor.Tests.csproj", "{CA582220-075B-4137-B548-43617DC60A86}"
EndProject
Project("{2150E333-8FDC-42A3-9474-1A3956D46DE8}") = ".nuget", ".nuget", "{4757BE9A-85C9-4F26-B824-950D1E2EBE8C}"
	ProjectSection(SolutionItems) = preProject
		.nuget\NuGet.Config = .nuget\NuGet.Config
		.nuget\NuGet.exe = .nuget\NuGet.exe
		.nuget\NuGet.targets = .nuget\NuGet.targets
	EndProjectSection
EndProject
Global
	GlobalSection(SolutionConfigurationPlatforms) = preSolution
		Debug|Any CPU = Debug|Any CPU
		Release|Any CPU = Release|Any CPU
	EndGlobalSection
	GlobalSection(ProjectConfigurationPlatforms) = postSolution
		{C7B43B5E-C396-46AB-8AE0-7483AACEE5B6}.Debug|Any CPU.ActiveCfg = Debug|Any CPU
		{C7B43B5E-C396-46AB-8AE0-7483AACEE5B6}.Debug|Any CPU.Build.0 = Debug|Any CPU
		{C7B43B5E-C396-46AB-8AE0-7483AACEE5B6}.Release|Any CPU.ActiveCfg = Release|Any CPU
		{C7B43B5E-C396-46AB-8AE0-7483AACEE5B6}.Release|Any CPU.Build.0 = Release|Any CPU
		{CA582220-075B-4137-B548-43617DC60A86}.Debug|Any CPU.ActiveCfg = Debug|Any CPU
		{CA582220-075B-4137-B548-43617DC60A86}.Debug|Any CPU.Build.0 = Debug|Any CPU
		{CA582220-075B-4137-B548-43617DC60A86}.Release|Any CPU.ActiveCfg = Release|Any CPU
		{CA582220-075B-4137-B548-43617DC60A86}.Release|Any CPU.Build.0 = Release|Any CPU
	EndGlobalSection
	GlobalSection(SolutionProperties) = preSolution
		HideSolutionNode = FALSE
	EndGlobalSection
EndGlobal
